
Microsoft Visual Studio Solution File, Format Version 12.00
# Visual Studio 15
VisualStudioVersion = 15.0.26228.4
MinimumVisualStudioVersion = 10.0.40219.1
Project("{FAE04EC0-301F-11D3-BF4B-00C04F79EFBC}") = "MySDK", "MySDK\MySDK.csproj", "{AABF3850-20A3-46B4-B8FC-6642A4464F7B}"
EndProject
Project("{FAE04EC0-301F-11D3-BF4B-00C04F79EFBC}") = "MyClient", "MyClient\MyClient.csproj", "{FECCAF83-872E-45BB-B7FB-6F15897F1F43}"
EndProject
Project("{2150E333-8FDC-42A3-9474-1A3956D46DE8}") = "Solution Items", "Solution Items", "{D56F72D8-B9D1-4276-B8C9-E9F591D03D3D}"
	ProjectSection(SolutionItems) = preProject
		paket.dependencies = paket.dependencies
	EndProjectSection
EndProject
Global
	GlobalSection(SolutionConfigurationPlatforms) = preSolution
		Debug|Any CPU = Debug|Any CPU
		Release|Any CPU = Release|Any CPU
	EndGlobalSection
	GlobalSection(ProjectConfigurationPlatforms) = postSolution
		{AABF3850-20A3-46B4-B8FC-6642A4464F7B}.Debug|Any CPU.ActiveCfg = Debug|Any CPU
		{AABF3850-20A3-46B4-B8FC-6642A4464F7B}.Debug|Any CPU.Build.0 = Debug|Any CPU
		{AABF3850-20A3-46B4-B8FC-6642A4464F7B}.Release|Any CPU.ActiveCfg = Release|Any CPU
		{AABF3850-20A3-46B4-B8FC-6642A4464F7B}.Release|Any CPU.Build.0 = Release|Any CPU
		{FECCAF83-872E-45BB-B7FB-6F15897F1F43}.Debug|Any CPU.ActiveCfg = Debug|Any CPU
		{FECCAF83-872E-45BB-B7FB-6F15897F1F43}.Debug|Any CPU.Build.0 = Debug|Any CPU
		{FECCAF83-872E-45BB-B7FB-6F15897F1F43}.Release|Any CPU.ActiveCfg = Release|Any CPU
		{FECCAF83-872E-45BB-B7FB-6F15897F1F43}.Release|Any CPU.Build.0 = Release|Any CPU
	EndGlobalSection
	GlobalSection(SolutionProperties) = preSolution
		HideSolutionNode = FALSE
	EndGlobalSection
EndGlobal
